// !$*UTF8*$!
{
	archiveVersion = 1;
	classes = {
	};
	objectVersion = 50;
	objects = {

/* Begin PBXBuildFile section */
		27374A17264B0F7100310B01 /* WeatherViewModel.swift in Sources */ = {isa = PBXBuildFile; fileRef = 27374A16264B0F7100310B01 /* WeatherViewModel.swift */; };
		278C3A5E264AA80B002A2A2C /* WeatherApp.swift in Sources */ = {isa = PBXBuildFile; fileRef = 278C3A5D264AA80B002A2A2C /* WeatherApp.swift */; };
		278C3A60264AA80B002A2A2C /* WeatherView.swift in Sources */ = {isa = PBXBuildFile; fileRef = 278C3A5F264AA80B002A2A2C /* WeatherView.swift */; };
		278C3A62264AA80D002A2A2C /* Assets.xcassets in Resources */ = {isa = PBXBuildFile; fileRef = 278C3A61264AA80D002A2A2C /* Assets.xcassets */; };
		278C3A65264AA80D002A2A2C /* Preview Assets.xcassets in Resources */ = {isa = PBXBuildFile; fileRef = 278C3A64264AA80D002A2A2C /* Preview Assets.xcassets */; };
		278C3A70264AA80E002A2A2C /* WeatherTests.swift in Sources */ = {isa = PBXBuildFile; fileRef = 278C3A6F264AA80E002A2A2C /* WeatherTests.swift */; };
		278C3A7B264AA80E002A2A2C /* WeatherUITests.swift in Sources */ = {isa = PBXBuildFile; fileRef = 278C3A7A264AA80E002A2A2C /* WeatherUITests.swift */; };
		278C3A8C264AA93F002A2A2C /* WeatherService.swift in Sources */ = {isa = PBXBuildFile; fileRef = 278C3A8B264AA93E002A2A2C /* WeatherService.swift */; };
		27969125264AAC8F00F3695F /* Weather.swift in Sources */ = {isa = PBXBuildFile; fileRef = 27969124264AAC8F00F3695F /* Weather.swift */; };
/* End PBXBuildFile section */

/* Begin PBXContainerItemProxy section */
		278C3A6C264AA80E002A2A2C /* PBXContainerItemProxy */ = {
			isa = PBXContainerItemProxy;
			containerPortal = 278C3A52264AA80B002A2A2C /* Project object */;
			proxyType = 1;
			remoteGlobalIDString = 278C3A59264AA80B002A2A2C;
			remoteInfo = Weather;
		};
		278C3A77264AA80E002A2A2C /* PBXContainerItemProxy */ = {
			isa = PBXContainerItemProxy;
			containerPortal = 278C3A52264AA80B002A2A2C /* Project object */;
			proxyType = 1;
			remoteGlobalIDString = 278C3A59264AA80B002A2A2C;
			remoteInfo = Weather;
		};
/* End PBXContainerItemProxy section */

/* Begin PBXFileReference section */
		27374A16264B0F7100310B01 /* WeatherViewModel.swift */ = {isa = PBXFileReference; lastKnownFileType = sourcecode.swift; path = WeatherViewModel.swift; sourceTree = "<group>"; };
		278C3A5A264AA80B002A2A2C /* Weather.app */ = {isa = PBXFileReference; explicitFileType = wrapper.application; includeInIndex = 0; path = Weather.app; sourceTree = BUILT_PRODUCTS_DIR; };
		278C3A5D264AA80B002A2A2C /* WeatherApp.swift */ = {isa = PBXFileReference; lastKnownFileType = sourcecode.swift; path = WeatherApp.swift; sourceTree = "<group>"; };
		278C3A5F264AA80B002A2A2C /* WeatherView.swift */ = {isa = PBXFileReference; lastKnownFileType = sourcecode.swift; path = WeatherView.swift; sourceTree = "<group>"; };
		278C3A61264AA80D002A2A2C /* Assets.xcassets */ = {isa = PBXFileReference; lastKnownFileType = folder.assetcatalog; path = Assets.xcassets; sourceTree = "<group>"; };
		278C3A64264AA80D002A2A2C /* Preview Assets.xcassets */ = {isa = PBXFileReference; lastKnownFileType = folder.assetcatalog; path = "Preview Assets.xcassets"; sourceTree = "<group>"; };
		278C3A66264AA80D002A2A2C /* Info.plist */ = {isa = PBXFileReference; lastKnownFileType = text.plist.xml; path = Info.plist; sourceTree = "<group>"; };
		278C3A6B264AA80E002A2A2C /* WeatherTests.xctest */ = {isa = PBXFileReference; explicitFileType = wrapper.cfbundle; includeInIndex = 0; path = WeatherTests.xctest; sourceTree = BUILT_PRODUCTS_DIR; };
		278C3A6F264AA80E002A2A2C /* WeatherTests.swift */ = {isa = PBXFileReference; lastKnownFileType = sourcecode.swift; path = WeatherTests.swift; sourceTree = "<group>"; };
		278C3A71264AA80E002A2A2C /* Info.plist */ = {isa = PBXFileReference; lastKnownFileType = text.plist.xml; path = Info.plist; sourceTree = "<group>"; };
		278C3A76264AA80E002A2A2C /* WeatherUITests.xctest */ = {isa = PBXFileReference; explicitFileType = wrapper.cfbundle; includeInIndex = 0; path = WeatherUITests.xctest; sourceTree = BUILT_PRODUCTS_DIR; };
		278C3A7A264AA80E002A2A2C /* WeatherUITests.swift */ = {isa = PBXFileReference; lastKnownFileType = sourcecode.swift; path = WeatherUITests.swift; sourceTree = "<group>"; };
		278C3A7C264AA80E002A2A2C /* Info.plist */ = {isa = PBXFileReference; lastKnownFileType = text.plist.xml; path = Info.plist; sourceTree = "<group>"; };
		278C3A8B264AA93E002A2A2C /* WeatherService.swift */ = {isa = PBXFileReference; lastKnownFileType = sourcecode.swift; path = WeatherService.swift; sourceTree = "<group>"; };
		27969124264AAC8F00F3695F /* Weather.swift */ = {isa = PBXFileReference; lastKnownFileType = sourcecode.swift; path = Weather.swift; sourceTree = "<group>"; };
/* End PBXFileReference section */

/* Begin PBXFrameworksBuildPhase section */
		278C3A57264AA80B002A2A2C /* Frameworks */ = {
			isa = PBXFrameworksBuildPhase;
			buildActionMask = 2147483647;
			files = (
			);
			runOnlyForDeploymentPostprocessing = 0;
		};
		278C3A68264AA80E002A2A2C /* Frameworks */ = {
			isa = PBXFrameworksBuildPhase;
			buildActionMask = 2147483647;
			files = (
			);
			runOnlyForDeploymentPostprocessing = 0;
		};
		278C3A73264AA80E002A2A2C /* Frameworks */ = {
			isa = PBXFrameworksBuildPhase;
			buildActionMask = 2147483647;
			files = (
			);
			runOnlyForDeploymentPostprocessing = 0;
		};
/* End PBXFrameworksBuildPhase section */

/* Begin PBXGroup section */
		278C3A51264AA80B002A2A2C = {
			isa = PBXGroup;
			children = (
				278C3A5C264AA80B002A2A2C /* Weather */,
				278C3A6E264AA80E002A2A2C /* WeatherTests */,
				278C3A79264AA80E002A2A2C /* WeatherUITests */,
				278C3A5B264AA80B002A2A2C /* Products */,
			);
			sourceTree = "<group>";
		};
		278C3A5B264AA80B002A2A2C /* Products */ = {
			isa = PBXGroup;
			children = (
				278C3A5A264AA80B002A2A2C /* Weather.app */,
				278C3A6B264AA80E002A2A2C /* WeatherTests.xctest */,
				278C3A76264AA80E002A2A2C /* WeatherUITests.xctest */,
			);
			name = Products;
			sourceTree = "<group>";
		};
		278C3A5C264AA80B002A2A2C /* Weather */ = {
			isa = PBXGroup;
			children = (
				278C3A5D264AA80B002A2A2C /* WeatherApp.swift */,
				278C3A5F264AA80B002A2A2C /* WeatherView.swift */,
				278C3A61264AA80D002A2A2C /* Assets.xcassets */,
				278C3A66264AA80D002A2A2C /* Info.plist */,
				278C3A63264AA80D002A2A2C /* Preview Content */,
				278C3A8B264AA93E002A2A2C /* WeatherService.swift */,
				27374A16264B0F7100310B01 /* WeatherViewModel.swift */,
				27969124264AAC8F00F3695F /* Weather.swift */,
			);
			path = Weather;
			sourceTree = "<group>";
		};
		278C3A63264AA80D002A2A2C /* Preview Content */ = {
			isa = PBXGroup;
			children = (
				278C3A64264AA80D002A2A2C /* Preview Assets.xcassets */,
			);
			path = "Preview Content";
			sourceTree = "<group>";
		};
		278C3A6E264AA80E002A2A2C /* WeatherTests */ = {
			isa = PBXGroup;
			children = (
				278C3A6F264AA80E002A2A2C /* WeatherTests.swift */,
				278C3A71264AA80E002A2A2C /* Info.plist */,
			);
			path = WeatherTests;
			sourceTree = "<group>";
		};
		278C3A79264AA80E002A2A2C /* WeatherUITests */ = {
			isa = PBXGroup;
			children = (
				278C3A7A264AA80E002A2A2C /* WeatherUITests.swift */,
				278C3A7C264AA80E002A2A2C /* Info.plist */,
			);
			path = WeatherUITests;
			sourceTree = "<group>";
		};
/* End PBXGroup section */

/* Begin PBXNativeTarget section */
		278C3A59264AA80B002A2A2C /* Weather */ = {
			isa = PBXNativeTarget;
			buildConfigurationList = 278C3A7F264AA80E002A2A2C /* Build configuration list for PBXNativeTarget "Weather" */;
			buildPhases = (
				278C3A56264AA80B002A2A2C /* Sources */,
				278C3A57264AA80B002A2A2C /* Frameworks */,
				278C3A58264AA80B002A2A2C /* Resources */,
			);
			buildRules = (
			);
			dependencies = (
			);
			name = Weather;
			productName = Weather;
			productReference = 278C3A5A264AA80B002A2A2C /* Weather.app */;
			productType = "com.apple.product-type.application";
		};
		278C3A6A264AA80E002A2A2C /* WeatherTests */ = {
			isa = PBXNativeTarget;
			buildConfigurationList = 278C3A82264AA80E002A2A2C /* Build configuration list for PBXNativeTarget "WeatherTests" */;
			buildPhases = (
				278C3A67264AA80E002A2A2C /* Sources */,
				278C3A68264AA80E002A2A2C /* Frameworks */,
				278C3A69264AA80E002A2A2C /* Resources */,
			);
			buildRules = (
			);
			dependencies = (
				278C3A6D264AA80E002A2A2C /* PBXTargetDependency */,
			);
			name = WeatherTests;
			productName = WeatherTests;
			productReference = 278C3A6B264AA80E002A2A2C /* WeatherTests.xctest */;
			productType = "com.apple.product-type.bundle.unit-test";
		};
		278C3A75264AA80E002A2A2C /* WeatherUITests */ = {
			isa = PBXNativeTarget;
			buildConfigurationList = 278C3A85264AA80E002A2A2C /* Build configuration list for PBXNativeTarget "WeatherUITests" */;
			buildPhases = (
				278C3A72264AA80E002A2A2C /* Sources */,
				278C3A73264AA80E002A2A2C /* Frameworks */,
				278C3A74264AA80E002A2A2C /* Resources */,
			);
			buildRules = (
			);
			dependencies = (
				278C3A78264AA80E002A2A2C /* PBXTargetDependency */,
			);
			name = WeatherUITests;
			productName = WeatherUITests;
			productReference = 278C3A76264AA80E002A2A2C /* WeatherUITests.xctest */;
			productType = "com.apple.product-type.bundle.ui-testing";
		};
/* End PBXNativeTarget section */

/* Begin PBXProject section */
		278C3A52264AA80B002A2A2C /* Project object */ = {
			isa = PBXProject;
			attributes = {
				LastSwiftUpdateCheck = 1220;
				LastUpgradeCheck = 1220;
				TargetAttributes = {
					278C3A59264AA80B002A2A2C = {
						CreatedOnToolsVersion = 12.2;
					};
					278C3A6A264AA80E002A2A2C = {
						CreatedOnToolsVersion = 12.2;
						TestTargetID = 278C3A59264AA80B002A2A2C;
					};
					278C3A75264AA80E002A2A2C = {
						CreatedOnToolsVersion = 12.2;
						TestTargetID = 278C3A59264AA80B002A2A2C;
					};
				};
			};
			buildConfigurationList = 278C3A55264AA80B002A2A2C /* Build configuration list for PBXProject "Weather" */;
			compatibilityVersion = "Xcode 9.3";
			developmentRegion = en;
			hasScannedForEncodings = 0;
			knownRegions = (
				en,
				Base,
			);
			mainGroup = 278C3A51264AA80B002A2A2C;
			productRefGroup = 278C3A5B264AA80B002A2A2C /* Products */;
			projectDirPath = "";
			projectRoot = "";
			targets = (
				278C3A59264AA80B002A2A2C /* Weather */,
				278C3A6A264AA80E002A2A2C /* WeatherTests */,
				278C3A75264AA80E002A2A2C /* WeatherUITests */,
			);
		};
/* End PBXProject section */

/* Begin PBXResourcesBuildPhase section */
		278C3A58264AA80B002A2A2C /* Resources */ = {
			isa = PBXResourcesBuildPhase;
			buildActionMask = 2147483647;
			files = (
				278C3A65264AA80D002A2A2C /* Preview Assets.xcassets in Resources */,
				278C3A62264AA80D002A2A2C /* Assets.xcassets in Resources */,
			);
			runOnlyForDeploymentPostprocessing = 0;
		};
		278C3A69264AA80E002A2A2C /* Resources */ = {
			isa = PBXResourcesBuildPhase;
			buildActionMask = 2147483647;
			files = (
			);
			runOnlyForDeploymentPostprocessing = 0;
		};
		278C3A74264AA80E002A2A2C /* Resources */ = {
			isa = PBXResourcesBuildPhase;
			buildActionMask = 2147483647;
			files = (
			);
			runOnlyForDeploymentPostprocessing = 0;
		};
/* End PBXResourcesBuildPhase section */

/* Begin PBXSourcesBuildPhase section */
		278C3A56264AA80B002A2A2C /* Sources */ = {
			isa = PBXSourcesBuildPhase;
			buildActionMask = 2147483647;
			files = (
				27374A17264B0F7100310B01 /* WeatherViewModel.swift in Sources */,
				27969125264AAC8F00F3695F /* Weather.swift in Sources */,
				278C3A60264AA80B002A2A2C /* WeatherView.swift in Sources */,
				278C3A8C264AA93F002A2A2C /* WeatherService.swift in Sources */,
				278C3A5E264AA80B002A2A2C /* WeatherApp.swift in Sources */,
			);
			runOnlyForDeploymentPostprocessing = 0;
		};
		278C3A67264AA80E002A2A2C /* Sources */ = {
			isa = PBXSourcesBuildPhase;
			buildActionMask = 2147483647;
			files = (
				278C3A70264AA80E002A2A2C /* WeatherTests.swift in Sources */,
			);
			runOnlyForDeploymentPostprocessing = 0;
		};
		278C3A72264AA80E002A2A2C /* Sources */ = {
			isa = PBXSourcesBuildPhase;
			buildActionMask = 2147483647;
			files = (
				278C3A7B264AA80E002A2A2C /* WeatherUITests.swift in Sources */,
			);
			runOnlyForDeploymentPostprocessing = 0;
		};
/* End PBXSourcesBuildPhase section */

/* Begin PBXTargetDependency section */
		278C3A6D264AA80E002A2A2C /* PBXTargetDependency */ = {
			isa = PBXTargetDependency;
			target = 278C3A59264AA80B002A2A2C /* Weather */;
			targetProxy = 278C3A6C264AA80E002A2A2C /* PBXContainerItemProxy */;
		};
		278C3A78264AA80E002A2A2C /* PBXTargetDependency */ = {
			isa = PBXTargetDependency;
			target = 278C3A59264AA80B002A2A2C /* Weather */;
			targetProxy = 278C3A77264AA80E002A2A2C /* PBXContainerItemProxy */;
		};
/* End PBXTargetDependency section */

/* Begin XCBuildConfiguration section */
		278C3A7D264AA80E002A2A2C /* Debug */ = {
			isa = XCBuildConfiguration;
			buildSettings = {
				ALWAYS_SEARCH_USER_PATHS = NO;
				CLANG_ANALYZER_NONNULL = YES;
				CLANG_ANALYZER_NUMBER_OBJECT_CONVERSION = YES_AGGRESSIVE;
				CLANG_CXX_LANGUAGE_STANDARD = "gnu++14";
				CLANG_CXX_LIBRARY = "libc++";
				CLANG_ENABLE_MODULES = YES;
				CLANG_ENABLE_OBJC_ARC = YES;
				CLANG_ENABLE_OBJC_WEAK = YES;
				CLANG_WARN_BLOCK_CAPTURE_AUTORELEASING = YES;
				CLANG_WARN_BOOL_CONVERSION = YES;
				CLANG_WARN_COMMA = YES;
				CLANG_WARN_CONSTANT_CONVERSION = YES;
				CLANG_WARN_DEPRECATED_OBJC_IMPLEMENTATIONS = YES;
				CLANG_WARN_DIRECT_OBJC_ISA_USAGE = YES_ERROR;
				CLANG_WARN_DOCUMENTATION_COMMENTS = YES;
				CLANG_WARN_EMPTY_BODY = YES;
				CLANG_WARN_ENUM_CONVERSION = YES;
				CLANG_WARN_INFINITE_RECURSION = YES;
				CLANG_WARN_INT_CONVERSION = YES;
				CLANG_WARN_NON_LITERAL_NULL_CONVERSION = YES;
				CLANG_WARN_OBJC_IMPLICIT_RETAIN_SELF = YES;
				CLANG_WARN_OBJC_LITERAL_CONVERSION = YES;
				CLANG_WARN_OBJC_ROOT_CLASS = YES_ERROR;
				CLANG_WARN_QUOTED_INCLUDE_IN_FRAMEWORK_HEADER = YES;
				CLANG_WARN_RANGE_LOOP_ANALYSIS = YES;
				CLANG_WARN_STRICT_PROTOTYPES = YES;
				CLANG_WARN_SUSPICIOUS_MOVE = YES;
				CLANG_WARN_UNGUARDED_AVAILABILITY = YES_AGGRESSIVE;
				CLANG_WARN_UNREACHABLE_CODE = YES;
				CLANG_WARN__DUPLICATE_METHOD_MATCH = YES;
				COPY_PHASE_STRIP = NO;
				DEBUG_INFORMATION_FORMAT = dwarf;
				ENABLE_STRICT_OBJC_MSGSEND = YES;
				ENABLE_TESTABILITY = YES;
				GCC_C_LANGUAGE_STANDARD = gnu11;
				GCC_DYNAMIC_NO_PIC = NO;
				GCC_NO_COMMON_BLOCKS = YES;
				GCC_OPTIMIZATION_LEVEL = 0;
				GCC_PREPROCESSOR_DEFINITIONS = (
					"DEBUG=1",
					"$(inherited)",
				);
				GCC_WARN_64_TO_32_BIT_CONVERSION = YES;
				GCC_WARN_ABOUT_RETURN_TYPE = YES_ERROR;
				GCC_WARN_UNDECLARED_SELECTOR = YES;
				GCC_WARN_UNINITIALIZED_AUTOS = YES_AGGRESSIVE;
				GCC_WARN_UNUSED_FUNCTION = YES;
				GCC_WARN_UNUSED_VARIABLE = YES;
				IPHONEOS_DEPLOYMENT_TARGET = 14.2;
				MTL_ENABLE_DEBUG_INFO = INCLUDE_SOURCE;
				MTL_FAST_MATH = YES;
				ONLY_ACTIVE_ARCH = YES;
				SDKROOT = iphoneos;
				SWIFT_ACTIVE_COMPILATION_CONDITIONS = DEBUG;
				SWIFT_OPTIMIZATION_LEVEL = "-Onone";
			};
			name = Debug;
		};
		278C3A7E264AA80E002A2A2C /* Release */ = {
			isa = XCBuildConfiguration;
			buildSettings = {
				ALWAYS_SEARCH_USER_PATHS = NO;
				CLANG_ANALYZER_NONNULL = YES;
				CLANG_ANALYZER_NUMBER_OBJECT_CONVERSION = YES_AGGRESSIVE;
				CLANG_CXX_LANGUAGE_STANDARD = "gnu++14";
				CLANG_CXX_LIBRARY = "libc++";
				CLANG_ENABLE_MODULES = YES;
				CLANG_ENABLE_OBJC_ARC = YES;
				CLANG_ENABLE_OBJC_WEAK = YES;
				CLANG_WARN_BLOCK_CAPTURE_AUTORELEASING = YES;
				CLANG_WARN_BOOL_CONVERSION = YES;
				CLANG_WARN_COMMA = YES;
				CLANG_WARN_CONSTANT_CONVERSION = YES;
				CLANG_WARN_DEPRECATED_OBJC_IMPLEMENTATIONS = YES;
				CLANG_WARN_DIRECT_OBJC_ISA_USAGE = YES_ERROR;
				CLANG_WARN_DOCUMENTATION_COMMENTS = YES;
				CLANG_WARN_EMPTY_BODY = YES;
				CLANG_WARN_ENUM_CONVERSION = YES;
				CLANG_WARN_INFINITE_RECURSION = YES;
				CLANG_WARN_INT_CONVERSION = YES;
				CLANG_WARN_NON_LITERAL_NULL_CONVERSION = YES;
				CLANG_WARN_OBJC_IMPLICIT_RETAIN_SELF = YES;
				CLANG_WARN_OBJC_LITERAL_CONVERSION = YES;
				CLANG_WARN_OBJC_ROOT_CLASS = YES_ERROR;
				CLANG_WARN_QUOTED_INCLUDE_IN_FRAMEWORK_HEADER = YES;
				CLANG_WARN_RANGE_LOOP_ANALYSIS = YES;
				CLANG_WARN_STRICT_PROTOTYPES = YES;
				CLANG_WARN_SUSPICIOUS_MOVE = YES;
				CLANG_WARN_UNGUARDED_AVAILABILITY = YES_AGGRESSIVE;
				CLANG_WARN_UNREACHABLE_CODE = YES;
				CLANG_WARN__DUPLICATE_METHOD_MATCH = YES;
				COPY_PHASE_STRIP = NO;
				DEBUG_INFORMATION_FORMAT = "dwarf-with-dsym";
				ENABLE_NS_ASSERTIONS = NO;
				ENABLE_STRICT_OBJC_MSGSEND = YES;
				GCC_C_LANGUAGE_STANDARD = gnu11;
				GCC_NO_COMMON_BLOCKS = YES;
				GCC_WARN_64_TO_32_BIT_CONVERSION = YES;
				GCC_WARN_ABOUT_RETURN_TYPE = YES_ERROR;
				GCC_WARN_UNDECLARED_SELECTOR = YES;
				GCC_WARN_UNINITIALIZED_AUTOS = YES_AGGRESSIVE;
				GCC_WARN_UNUSED_FUNCTION = YES;
				GCC_WARN_UNUSED_VARIABLE = YES;
				IPHONEOS_DEPLOYMENT_TARGET = 14.2;
				MTL_ENABLE_DEBUG_INFO = NO;
				MTL_FAST_MATH = YES;
				SDKROOT = iphoneos;
				SWIFT_COMPILATION_MODE = wholemodule;
				SWIFT_OPTIMIZATION_LEVEL = "-O";
				VALIDATE_PRODUCT = YES;
			};
			name = Release;
		};
		278C3A80264AA80E002A2A2C /* Debug */ = {
			isa = XCBuildConfiguration;
			buildSettings = {
				ASSETCATALOG_COMPILER_APPICON_NAME = AppIcon;
				ASSETCATALOG_COMPILER_GLOBAL_ACCENT_COLOR_NAME = AccentColor;
				CODE_SIGN_STYLE = Automatic;
				DEVELOPMENT_ASSET_PATHS = "\"Weather/Preview Content\"";
				DEVELOPMENT_TEAM = PU6R6ATZX4;
				ENABLE_PREVIEWS = YES;
				INFOPLIST_FILE = Weather/Info.plist;
				IPHONEOS_DEPLOYMENT_TARGET = 14.0;
				LD_RUNPATH_SEARCH_PATHS = (
					"$(inherited)",
					"@executable_path/Frameworks",
				);
				PRODUCT_BUNDLE_IDENTIFIER = sayannath.Weather;
				PRODUCT_NAME = "$(TARGET_NAME)";
				SWIFT_VERSION = 5.0;
				TARGETED_DEVICE_FAMILY = "1,2";
			};
			name = Debug;
		};
		278C3A81264AA80E002A2A2C /* Release */ = {
			isa = XCBuildConfiguration;
			buildSettings = {
				ASSETCATALOG_COMPILER_APPICON_NAME = AppIcon;
				ASSETCATALOG_COMPILER_GLOBAL_ACCENT_COLOR_NAME = AccentColor;
				CODE_SIGN_STYLE = Automatic;
				DEVELOPMENT_ASSET_PATHS = "\"Weather/Preview Content\"";
				DEVELOPMENT_TEAM = PU6R6ATZX4;
				ENABLE_PREVIEWS = YES;
				INFOPLIST_FILE = Weather/Info.plist;
				IPHONEOS_DEPLOYMENT_TARGET = 14.0;
				LD_RUNPATH_SEARCH_PATHS = (
					"$(inherited)",
					"@executable_path/Frameworks",
				);
				PRODUCT_BUNDLE_IDENTIFIER = sayannath.Weather;
				PRODUCT_NAME = "$(TARGET_NAME)";
				SWIFT_VERSION = 5.0;
				TARGETED_DEVICE_FAMILY = "1,2";
			};
			name = Release;
		};
		278C3A83264AA80E002A2A2C /* Debug */ = {
			isa = XCBuildConfiguration;
			buildSettings = {
				ALWAYS_EMBED_SWIFT_STANDARD_LIBRARIES = YES;
				BUNDLE_LOADER = "$(TEST_HOST)";
				CODE_SIGN_STYLE = Automatic;
				DEVELOPMENT_TEAM = PU6R6ATZX4;
				INFOPLIST_FILE = WeatherTests/Info.plist;
				IPHONEOS_DEPLOYMENT_TARGET = 14.0;
				LD_RUNPATH_SEARCH_PATHS = (
					"$(inherited)",
					"@executable_path/Frameworks",
					"@loader_path/Frameworks",
				);
				PRODUCT_BUNDLE_IDENTIFIER = sayannath.WeatherTests;
				PRODUCT_NAME = "$(TARGET_NAME)";
				SWIFT_VERSION = 5.0;
				TARGETED_DEVICE_FAMILY = "1,2";
				TEST_HOST = "$(BUILT_PRODUCTS_DIR)/Weather.app/Weather";
			};
			name = Debug;
		};
		278C3A84264AA80E002A2A2C /* Release */ = {
			isa = XCBuildConfiguration;
			buildSettings = {
				ALWAYS_EMBED_SWIFT_STANDARD_LIBRARIES = YES;
				BUNDLE_LOADER = "$(TEST_HOST)";
				CODE_SIGN_STYLE = Automatic;
				DEVELOPMENT_TEAM = PU6R6ATZX4;
				INFOPLIST_FILE = WeatherTests/Info.plist;
				IPHONEOS_DEPLOYMENT_TARGET = 14.0;
				LD_RUNPATH_SEARCH_PATHS = (
					"$(inherited)",
					"@executable_path/Frameworks",
					"@loader_path/Frameworks",
				);
				PRODUCT_BUNDLE_IDENTIFIER = sayannath.WeatherTests;
				PRODUCT_NAME = "$(TARGET_NAME)";
				SWIFT_VERSION = 5.0;
				TARGETED_DEVICE_FAMILY = "1,2";
				TEST_HOST = "$(BUILT_PRODUCTS_DIR)/Weather.app/Weather";
			};
			name = Release;
		};
		278C3A86264AA80E002A2A2C /* Debug */ = {
			isa = XCBuildConfiguration;
			buildSettings = {
				ALWAYS_EMBED_SWIFT_STANDARD_LIBRARIES = YES;
				CODE_SIGN_STYLE = Automatic;
				DEVELOPMENT_TEAM = PU6R6ATZX4;
				INFOPLIST_FILE = WeatherUITests/Info.plist;
				LD_RUNPATH_SEARCH_PATHS = (
					"$(inherited)",
					"@executable_path/Frameworks",
					"@loader_path/Frameworks",
				);
				PRODUCT_BUNDLE_IDENTIFIER = sayannath.WeatherUITests;
				PRODUCT_NAME = "$(TARGET_NAME)";
				SWIFT_VERSION = 5.0;
				TARGETED_DEVICE_FAMILY = "1,2";
				TEST_TARGET_NAME = Weather;
			};
			name = Debug;
		};
		278C3A87264AA80E002A2A2C /* Release */ = {
			isa = XCBuildConfiguration;
			buildSettings = {
				ALWAYS_EMBED_SWIFT_STANDARD_LIBRARIES = YES;
				CODE_SIGN_STYLE = Automatic;
				DEVELOPMENT_TEAM = PU6R6ATZX4;
				INFOPLIST_FILE = WeatherUITests/Info.plist;
				LD_RUNPATH_SEARCH_PATHS = (
					"$(inherited)",
					"@executable_path/Frameworks",
					"@loader_path/Frameworks",
				);
				PRODUCT_BUNDLE_IDENTIFIER = sayannath.WeatherUITests;
				PRODUCT_NAME = "$(TARGET_NAME)";
				SWIFT_VERSION = 5.0;
				TARGETED_DEVICE_FAMILY = "1,2";
				TEST_TARGET_NAME = Weather;
			};
			name = Release;
		};
/* End XCBuildConfiguration section */

/* Begin XCConfigurationList section */
		278C3A55264AA80B002A2A2C /* Build configuration list for PBXProject "Weather" */ = {
			isa = XCConfigurationList;
			buildConfigurations = (
				278C3A7D264AA80E002A2A2C /* Debug */,
				278C3A7E264AA80E002A2A2C /* Release */,
			);
			defaultConfigurationIsVisible = 0;
			defaultConfigurationName = Release;
		};
		278C3A7F264AA80E002A2A2C /* Build configuration list for PBXNativeTarget "Weather" */ = {
			isa = XCConfigurationList;
			buildConfigurations = (
				278C3A80264AA80E002A2A2C /* Debug */,
				278C3A81264AA80E002A2A2C /* Release */,
			);
			defaultConfigurationIsVisible = 0;
			defaultConfigurationName = Release;
		};
		278C3A82264AA80E002A2A2C /* Build configuration list for PBXNativeTarget "WeatherTests" */ = {
			isa = XCConfigurationList;
			buildConfigurations = (
				278C3A83264AA80E002A2A2C /* Debug */,
				278C3A84264AA80E002A2A2C /* Release */,
			);
			defaultConfigurationIsVisible = 0;
			defaultConfigurationName = Release;
		};
		278C3A85264AA80E002A2A2C /* Build configuration list for PBXNativeTarget "WeatherUITests" */ = {
			isa = XCConfigurationList;
			buildConfigurations = (
				278C3A86264AA80E002A2A2C /* Debug */,
				278C3A87264AA80E002A2A2C /* Release */,
			);
			defaultConfigurationIsVisible = 0;
			defaultConfigurationName = Release;
		};
/* End XCConfigurationList section */
	};
	rootObject = 278C3A52264AA80B002A2A2C /* Project object */;
}
